
Microsoft Visual Studio Solution File, Format Version 12.00
# Visual Studio Version 16
VisualStudioVersion = 16.0.29613.14
MinimumVisualStudioVersion = 10.0.40219.1
Project("{9A19103F-16F7-4668-BE54-9A1E7A4F7556}") = "QuickComms", "QuickComms\QuickComms.csproj", "{15C0EAB2-080D-4E5E-A2FC-5BF7AF74054B}"
EndProject
Project("{9A19103F-16F7-4668-BE54-9A1E7A4F7556}") = "QuickClient", "QuickClient\QuickClient.csproj", "{D5E91302-E1D7-400B-888D-8E12405CEB89}"
EndProject
Project("{9A19103F-16F7-4668-BE54-9A1E7A4F7556}") = "QuickServer", "QuickServer\QuickServer.csproj", "{C81F7EC0-E172-4C9E-917A-BD22967BE12A}"
EndProject
Project("{FAE04EC0-301F-11D3-BF4B-00C04F79EFBC}") = "QuickComms.Extensions.Utf8Json", "QuickComms.Extensions.Utf8Json\QuickComms.Extensions.Utf8Json.csproj", "{F5860BCB-340E-426C-8199-A93B82F9119B}"
EndProject
Global
	GlobalSection(SolutionConfigurationPlatforms) = preSolution
		Debug|Any CPU = Debug|Any CPU
		Release|Any CPU = Release|Any CPU
	EndGlobalSection
	GlobalSection(ProjectConfigurationPlatforms) = postSolution
		{15C0EAB2-080D-4E5E-A2FC-5BF7AF74054B}.Debug|Any CPU.ActiveCfg = Debug|Any CPU
		{15C0EAB2-080D-4E5E-A2FC-5BF7AF74054B}.Debug|Any CPU.Build.0 = Debug|Any CPU
		{15C0EAB2-080D-4E5E-A2FC-5BF7AF74054B}.Release|Any CPU.ActiveCfg = Release|Any CPU
		{15C0EAB2-080D-4E5E-A2FC-5BF7AF74054B}.Release|Any CPU.Build.0 = Release|Any CPU
		{D5E91302-E1D7-400B-888D-8E12405CEB89}.Debug|Any CPU.ActiveCfg = Debug|Any CPU
		{D5E91302-E1D7-400B-888D-8E12405CEB89}.Debug|Any CPU.Build.0 = Debug|Any CPU
		{D5E91302-E1D7-400B-888D-8E12405CEB89}.Release|Any CPU.ActiveCfg = Release|Any CPU
		{D5E91302-E1D7-400B-888D-8E12405CEB89}.Release|Any CPU.Build.0 = Release|Any CPU
		{C81F7EC0-E172-4C9E-917A-BD22967BE12A}.Debug|Any CPU.ActiveCfg = Debug|Any CPU
		{C81F7EC0-E172-4C9E-917A-BD22967BE12A}.Debug|Any CPU.Build.0 = Debug|Any CPU
		{C81F7EC0-E172-4C9E-917A-BD22967BE12A}.Release|Any CPU.ActiveCfg = Release|Any CPU
		{C81F7EC0-E172-4C9E-917A-BD22967BE12A}.Release|Any CPU.Build.0 = Release|Any CPU
		{F5860BCB-340E-426C-8199-A93B82F9119B}.Debug|Any CPU.ActiveCfg = Debug|Any CPU
		{F5860BCB-340E-426C-8199-A93B82F9119B}.Debug|Any CPU.Build.0 = Debug|Any CPU
		{F5860BCB-340E-426C-8199-A93B82F9119B}.Release|Any CPU.ActiveCfg = Release|Any CPU
		{F5860BCB-340E-426C-8199-A93B82F9119B}.Release|Any CPU.Build.0 = Release|Any CPU
	EndGlobalSection
	GlobalSection(SolutionProperties) = preSolution
		HideSolutionNode = FALSE
	EndGlobalSection
	GlobalSection(ExtensibilityGlobals) = postSolution
		SolutionGuid = {CF84E6FF-CFBA-484B-BEA0-64735605DFA1}
	EndGlobalSection
EndGlobal
